
Microsoft Visual Studio Solution File, Format Version 12.00
# Visual Studio Version 16
VisualStudioVersion = 16.0.30709.132
MinimumVisualStudioVersion = 10.0.40219.1
Project("{2150E333-8FDC-42A3-9474-1A3956D46DE8}") = "Solution Items", "Solution Items", "{C5F2294C-A5C6-4946-B00D-AE6FAAF6E001}"
EndProject
Project("{2150E333-8FDC-42A3-9474-1A3956D46DE8}") = "Sources", "Sources", "{9296F955-4982-4E4D-A962-C6A2CE67EE37}"
EndProject
Project("{2150E333-8FDC-42A3-9474-1A3956D46DE8}") = "Tests", "Tests", "{1D0CE52D-9137-43E3-988A-664DE3A1DCCB}"
EndProject
Project("{2150E333-8FDC-42A3-9474-1A3956D46DE8}") = "Services", "Services", "{21C8DB59-FF09-4C36-B565-C7791659833F}"
EndProject
Project("{2150E333-8FDC-42A3-9474-1A3956D46DE8}") = "Innemost.LogLife", "Innemost.LogLife", "{A9BE0AB6-B6F3-4172-AE38-3814F5E96ABA}"
EndProject
Project("{9A19103F-16F7-4668-BE54-9A1E7A4F7556}") = "Innemost.LogLife.API", "Sources\Services\Innermost.LogLife\Innemost.LogLife.API\Innemost.LogLife.API.csproj", "{9B565AC6-3045-41E0-B172-3CAE0FF01E81}"
EndProject
Project("{2150E333-8FDC-42A3-9474-1A3956D46DE8}") = "Innermost.Identity", "Innermost.Identity", "{3B08DA90-0690-4856-ABF3-E668121B717D}"
EndProject
Project("{2150E333-8FDC-42A3-9474-1A3956D46DE8}") = "Innermost.Email", "Innermost.Email", "{161B6BC4-A344-4E77-98E7-B12207569915}"
EndProject
Project("{9A19103F-16F7-4668-BE54-9A1E7A4F7556}") = "Innermost.Email.API", "Sources\Services\Innermost.Email\Innermost.Email.API\Innermost.Email.API.csproj", "{2DEDFD67-4D37-406F-A275-9229DB91C1CA}"
EndProject
Project("{2150E333-8FDC-42A3-9474-1A3956D46DE8}") = "BuildingBlocks", "BuildingBlocks", "{C9FC3DB9-A599-4C0E-B66C-1DA0130A5DE9}"
EndProject
Project("{2150E333-8FDC-42A3-9474-1A3956D46DE8}") = "EventBus", "EventBus", "{8D218656-ACD2-44E4-8FA9-7396D9553318}"
EndProject
Project("{9A19103F-16F7-4668-BE54-9A1E7A4F7556}") = "EventBusInnermost", "Sources\BuildingBlocks\EventBus\EventBusInnermost\EventBusInnermost.csproj", "{42DF2C02-6C80-4FA5-8EE3-00D25E1388D0}"
EndProject
Project("{9A19103F-16F7-4668-BE54-9A1E7A4F7556}") = "EventBusRabbitMQ", "Sources\BuildingBlocks\EventBus\EventBusRabbitMQ\EventBusRabbitMQ.csproj", "{53771339-D745-4C5D-9872-22E881A2B366}"
EndProject
Project("{9A19103F-16F7-4668-BE54-9A1E7A4F7556}") = "EventBusServiceBus", "Sources\BuildingBlocks\EventBus\EventBusServiceBus\EventBusServiceBus.csproj", "{83707042-9E17-4C03-914E-97ED4D0565DF}"
EndProject
Project("{2150E333-8FDC-42A3-9474-1A3956D46DE8}") = "WebHost", "WebHost", "{6C14D316-8F38-400A-9B10-A5D742BD8DBA}"
EndProject
Project("{9A19103F-16F7-4668-BE54-9A1E7A4F7556}") = "WebHost.Customization", "Sources\BuildingBlocks\WebHost\WebHost.Customization\WebHost.Customization.csproj", "{7DE4EFDB-64C7-4E1A-94BA-60F65456AD61}"
EndProject
Project("{9A19103F-16F7-4668-BE54-9A1E7A4F7556}") = "Innermost.LogLife.Domain", "Sources\Services\Innermost.LogLife\Innermost.LogLife.Domain\Innermost.LogLife.Domain.csproj", "{078603B5-47C8-4075-8E64-31C9FA136D2C}"
EndProject
Project("{2150E333-8FDC-42A3-9474-1A3956D46DE8}") = "SeedWork", "SeedWork", "{0FFDCC61-04BA-4BA2-815E-EF7CC014116A}"
EndProject
Project("{9A19103F-16F7-4668-BE54-9A1E7A4F7556}") = "Innermost.SeedWork", "Sources\BuildingBlocks\SeedWork\Innermost.SeedWork\Innermost.SeedWork.csproj", "{04826702-5769-44EA-A962-326CB97DAB86}"
EndProject
Project("{2150E333-8FDC-42A3-9474-1A3956D46DE8}") = "ApiGateways", "ApiGateways", "{BE8A4B05-B08E-44E1-B879-134C51CE5FA5}"
EndProject
Project("{9A19103F-16F7-4668-BE54-9A1E7A4F7556}") = "Innermost.LogLife.Infrastructure", "Sources\Services\Innermost.LogLife\Innermost.LogLife.Infrastructure\Innermost.LogLife.Infrastructure.csproj", "{3FA02F00-BAB1-4A0F-B293-55332D5C7863}"
EndProject
Project("{2150E333-8FDC-42A3-9474-1A3956D46DE8}") = "Extensions", "Extensions", "{F78655F5-D3A6-496B-BF97-0A038203D6C2}"
EndProject
Project("{9A19103F-16F7-4668-BE54-9A1E7A4F7556}") = "TypeExtensions", "Sources\BuildingBlocks\Extensions\TypeExtensions\TypeExtensions.csproj", "{88EE3A5B-B1A4-47C0-B974-F002754F3FD1}"
EndProject
Project("{9A19103F-16F7-4668-BE54-9A1E7A4F7556}") = "IntegrationEventRecord", "Sources\BuildingBlocks\EventBus\IntegrationEventRecord\IntegrationEventRecord.csproj", "{F12FB378-31C1-4A2D-A1C5-326F72DB817E}"
EndProject
Project("{2150E333-8FDC-42A3-9474-1A3956D46DE8}") = "Innermost.MusicHub", "Innermost.MusicHub", "{503F0A9D-782B-4477-A49C-02EF5812F1B7}"
EndProject
Project("{9A19103F-16F7-4668-BE54-9A1E7A4F7556}") = "Innermost.MusicHub.API", "Sources\Services\Innermost.MusicHub\Innermost.MusicHub.API\Innermost.MusicHub.API.csproj", "{80E0C62B-D26B-4573-91D6-0E6E48E2CF7E}"
EndProject
Project("{9A19103F-16F7-4668-BE54-9A1E7A4F7556}") = "Innermost.MusicHub.Domain", "Sources\Services\Innermost.MusicHub\Innermost.MusicHub.Domain\Innermost.MusicHub.Domain.csproj", "{DA1E396F-A4D1-4C2D-BEE5-7820100A53AB}"
EndProject
Project("{9A19103F-16F7-4668-BE54-9A1E7A4F7556}") = "Innermost.MusicHub.Infrastructure", "Sources\Services\Innermost.MusicHub\Innermost.MusicHub.Infrastructure\Innermost.MusicHub.Infrastructure.csproj", "{5E25A4F6-41B9-4D01-90CE-5665965DF392}"
EndProject
Project("{2150E333-8FDC-42A3-9474-1A3956D46DE8}") = "Innermost.Meet", "Innermost.Meet", "{B84BE98B-22BF-4706-A03B-239AC499EF58}"
EndProject
Project("{9A19103F-16F7-4668-BE54-9A1E7A4F7556}") = "Innermost.Meet.API", "Sources\Services\Innermost.Meet\Innermost.Meet.API\Innermost.Meet.API.csproj", "{8EF3DCBF-F966-4298-819E-A6855F2C2A9B}"
EndProject
Project("{FAE04EC0-301F-11D3-BF4B-00C04F79EFBC}") = "Innermost.Identity.API", "Sources\Services\Innermost.Identity\Innermost.Identity.API\Innermost.Identity.API.csproj", "{25398457-49F5-405E-AA4F-E2357177A69B}"
EndProject
Global
	GlobalSection(SolutionConfigurationPlatforms) = preSolution
		Debug|Any CPU = Debug|Any CPU
		Release|Any CPU = Release|Any CPU
	EndGlobalSection
	GlobalSection(ProjectConfigurationPlatforms) = postSolution
		{9B565AC6-3045-41E0-B172-3CAE0FF01E81}.Debug|Any CPU.ActiveCfg = Debug|Any CPU
		{9B565AC6-3045-41E0-B172-3CAE0FF01E81}.Debug|Any CPU.Build.0 = Debug|Any CPU
		{9B565AC6-3045-41E0-B172-3CAE0FF01E81}.Release|Any CPU.ActiveCfg = Release|Any CPU
		{9B565AC6-3045-41E0-B172-3CAE0FF01E81}.Release|Any CPU.Build.0 = Release|Any CPU
		{2DEDFD67-4D37-406F-A275-9229DB91C1CA}.Debug|Any CPU.ActiveCfg = Debug|Any CPU
		{2DEDFD67-4D37-406F-A275-9229DB91C1CA}.Debug|Any CPU.Build.0 = Debug|Any CPU
		{2DEDFD67-4D37-406F-A275-9229DB91C1CA}.Release|Any CPU.ActiveCfg = Release|Any CPU
		{2DEDFD67-4D37-406F-A275-9229DB91C1CA}.Release|Any CPU.Build.0 = Release|Any CPU
		{42DF2C02-6C80-4FA5-8EE3-00D25E1388D0}.Debug|Any CPU.ActiveCfg = Debug|Any CPU
		{42DF2C02-6C80-4FA5-8EE3-00D25E1388D0}.Debug|Any CPU.Build.0 = Debug|Any CPU
		{42DF2C02-6C80-4FA5-8EE3-00D25E1388D0}.Release|Any CPU.ActiveCfg = Release|Any CPU
		{42DF2C02-6C80-4FA5-8EE3-00D25E1388D0}.Release|Any CPU.Build.0 = Release|Any CPU
		{53771339-D745-4C5D-9872-22E881A2B366}.Debug|Any CPU.ActiveCfg = Debug|Any CPU
		{53771339-D745-4C5D-9872-22E881A2B366}.Debug|Any CPU.Build.0 = Debug|Any CPU
		{53771339-D745-4C5D-9872-22E881A2B366}.Release|Any CPU.ActiveCfg = Release|Any CPU
		{53771339-D745-4C5D-9872-22E881A2B366}.Release|Any CPU.Build.0 = Release|Any CPU
		{83707042-9E17-4C03-914E-97ED4D0565DF}.Debug|Any CPU.ActiveCfg = Debug|Any CPU
		{83707042-9E17-4C03-914E-97ED4D0565DF}.Debug|Any CPU.Build.0 = Debug|Any CPU
		{83707042-9E17-4C03-914E-97ED4D0565DF}.Release|Any CPU.ActiveCfg = Release|Any CPU
		{83707042-9E17-4C03-914E-97ED4D0565DF}.Release|Any CPU.Build.0 = Release|Any CPU
		{7DE4EFDB-64C7-4E1A-94BA-60F65456AD61}.Debug|Any CPU.ActiveCfg = Debug|Any CPU
		{7DE4EFDB-64C7-4E1A-94BA-60F65456AD61}.Debug|Any CPU.Build.0 = Debug|Any CPU
		{7DE4EFDB-64C7-4E1A-94BA-60F65456AD61}.Release|Any CPU.ActiveCfg = Release|Any CPU
		{7DE4EFDB-64C7-4E1A-94BA-60F65456AD61}.Release|Any CPU.Build.0 = Release|Any CPU
		{078603B5-47C8-4075-8E64-31C9FA136D2C}.Debug|Any CPU.ActiveCfg = Debug|Any CPU
		{078603B5-47C8-4075-8E64-31C9FA136D2C}.Debug|Any CPU.Build.0 = Debug|Any CPU
		{078603B5-47C8-4075-8E64-31C9FA136D2C}.Release|Any CPU.ActiveCfg = Release|Any CPU
		{078603B5-47C8-4075-8E64-31C9FA136D2C}.Release|Any CPU.Build.0 = Release|Any CPU
		{04826702-5769-44EA-A962-326CB97DAB86}.Debug|Any CPU.ActiveCfg = Debug|Any CPU
		{04826702-5769-44EA-A962-326CB97DAB86}.Debug|Any CPU.Build.0 = Debug|Any CPU
		{04826702-5769-44EA-A962-326CB97DAB86}.Release|Any CPU.ActiveCfg = Release|Any CPU
		{04826702-5769-44EA-A962-326CB97DAB86}.Release|Any CPU.Build.0 = Release|Any CPU
		{3FA02F00-BAB1-4A0F-B293-55332D5C7863}.Debug|Any CPU.ActiveCfg = Debug|Any CPU
		{3FA02F00-BAB1-4A0F-B293-55332D5C7863}.Debug|Any CPU.Build.0 = Debug|Any CPU
		{3FA02F00-BAB1-4A0F-B293-55332D5C7863}.Release|Any CPU.ActiveCfg = Release|Any CPU
		{3FA02F00-BAB1-4A0F-B293-55332D5C7863}.Release|Any CPU.Build.0 = Release|Any CPU
		{88EE3A5B-B1A4-47C0-B974-F002754F3FD1}.Debug|Any CPU.ActiveCfg = Debug|Any CPU
		{88EE3A5B-B1A4-47C0-B974-F002754F3FD1}.Debug|Any CPU.Build.0 = Debug|Any CPU
		{88EE3A5B-B1A4-47C0-B974-F002754F3FD1}.Release|Any CPU.ActiveCfg = Release|Any CPU
		{88EE3A5B-B1A4-47C0-B974-F002754F3FD1}.Release|Any CPU.Build.0 = Release|Any CPU
		{F12FB378-31C1-4A2D-A1C5-326F72DB817E}.Debug|Any CPU.ActiveCfg = Debug|Any CPU
		{F12FB378-31C1-4A2D-A1C5-326F72DB817E}.Debug|Any CPU.Build.0 = Debug|Any CPU
		{F12FB378-31C1-4A2D-A1C5-326F72DB817E}.Release|Any CPU.ActiveCfg = Release|Any CPU
		{F12FB378-31C1-4A2D-A1C5-326F72DB817E}.Release|Any CPU.Build.0 = Release|Any CPU
		{80E0C62B-D26B-4573-91D6-0E6E48E2CF7E}.Debug|Any CPU.ActiveCfg = Debug|Any CPU
		{80E0C62B-D26B-4573-91D6-0E6E48E2CF7E}.Debug|Any CPU.Build.0 = Debug|Any CPU
		{80E0C62B-D26B-4573-91D6-0E6E48E2CF7E}.Release|Any CPU.ActiveCfg = Release|Any CPU
		{80E0C62B-D26B-4573-91D6-0E6E48E2CF7E}.Release|Any CPU.Build.0 = Release|Any CPU
		{DA1E396F-A4D1-4C2D-BEE5-7820100A53AB}.Debug|Any CPU.ActiveCfg = Debug|Any CPU
		{DA1E396F-A4D1-4C2D-BEE5-7820100A53AB}.Debug|Any CPU.Build.0 = Debug|Any CPU
		{DA1E396F-A4D1-4C2D-BEE5-7820100A53AB}.Release|Any CPU.ActiveCfg = Release|Any CPU
		{DA1E396F-A4D1-4C2D-BEE5-7820100A53AB}.Release|Any CPU.Build.0 = Release|Any CPU
		{5E25A4F6-41B9-4D01-90CE-5665965DF392}.Debug|Any CPU.ActiveCfg = Debug|Any CPU
		{5E25A4F6-41B9-4D01-90CE-5665965DF392}.Debug|Any CPU.Build.0 = Debug|Any CPU
		{5E25A4F6-41B9-4D01-90CE-5665965DF392}.Release|Any CPU.ActiveCfg = Release|Any CPU
		{5E25A4F6-41B9-4D01-90CE-5665965DF392}.Release|Any CPU.Build.0 = Release|Any CPU
		{8EF3DCBF-F966-4298-819E-A6855F2C2A9B}.Debug|Any CPU.ActiveCfg = Debug|Any CPU
		{8EF3DCBF-F966-4298-819E-A6855F2C2A9B}.Debug|Any CPU.Build.0 = Debug|Any CPU
		{8EF3DCBF-F966-4298-819E-A6855F2C2A9B}.Release|Any CPU.ActiveCfg = Release|Any CPU
		{8EF3DCBF-F966-4298-819E-A6855F2C2A9B}.Release|Any CPU.Build.0 = Release|Any CPU
		{25398457-49F5-405E-AA4F-E2357177A69B}.Debug|Any CPU.ActiveCfg = Debug|Any CPU
		{25398457-49F5-405E-AA4F-E2357177A69B}.Debug|Any CPU.Build.0 = Debug|Any CPU
		{25398457-49F5-405E-AA4F-E2357177A69B}.Release|Any CPU.ActiveCfg = Release|Any CPU
		{25398457-49F5-405E-AA4F-E2357177A69B}.Release|Any CPU.Build.0 = Release|Any CPU
	EndGlobalSection
	GlobalSection(SolutionProperties) = preSolution
		HideSolutionNode = FALSE
	EndGlobalSection
	GlobalSection(NestedProjects) = preSolution
		{21C8DB59-FF09-4C36-B565-C7791659833F} = {9296F955-4982-4E4D-A962-C6A2CE67EE37}
		{A9BE0AB6-B6F3-4172-AE38-3814F5E96ABA} = {21C8DB59-FF09-4C36-B565-C7791659833F}
		{9B565AC6-3045-41E0-B172-3CAE0FF01E81} = {A9BE0AB6-B6F3-4172-AE38-3814F5E96ABA}
		{3B08DA90-0690-4856-ABF3-E668121B717D} = {21C8DB59-FF09-4C36-B565-C7791659833F}
		{161B6BC4-A344-4E77-98E7-B12207569915} = {21C8DB59-FF09-4C36-B565-C7791659833F}
		{2DEDFD67-4D37-406F-A275-9229DB91C1CA} = {161B6BC4-A344-4E77-98E7-B12207569915}
		{C9FC3DB9-A599-4C0E-B66C-1DA0130A5DE9} = {9296F955-4982-4E4D-A962-C6A2CE67EE37}
		{8D218656-ACD2-44E4-8FA9-7396D9553318} = {C9FC3DB9-A599-4C0E-B66C-1DA0130A5DE9}
		{42DF2C02-6C80-4FA5-8EE3-00D25E1388D0} = {8D218656-ACD2-44E4-8FA9-7396D9553318}
		{53771339-D745-4C5D-9872-22E881A2B366} = {8D218656-ACD2-44E4-8FA9-7396D9553318}
		{83707042-9E17-4C03-914E-97ED4D0565DF} = {8D218656-ACD2-44E4-8FA9-7396D9553318}
		{6C14D316-8F38-400A-9B10-A5D742BD8DBA} = {C9FC3DB9-A599-4C0E-B66C-1DA0130A5DE9}
		{7DE4EFDB-64C7-4E1A-94BA-60F65456AD61} = {6C14D316-8F38-400A-9B10-A5D742BD8DBA}
		{078603B5-47C8-4075-8E64-31C9FA136D2C} = {A9BE0AB6-B6F3-4172-AE38-3814F5E96ABA}
		{0FFDCC61-04BA-4BA2-815E-EF7CC014116A} = {C9FC3DB9-A599-4C0E-B66C-1DA0130A5DE9}
		{04826702-5769-44EA-A962-326CB97DAB86} = {0FFDCC61-04BA-4BA2-815E-EF7CC014116A}
		{BE8A4B05-B08E-44E1-B879-134C51CE5FA5} = {9296F955-4982-4E4D-A962-C6A2CE67EE37}
		{3FA02F00-BAB1-4A0F-B293-55332D5C7863} = {A9BE0AB6-B6F3-4172-AE38-3814F5E96ABA}
		{F78655F5-D3A6-496B-BF97-0A038203D6C2} = {C9FC3DB9-A599-4C0E-B66C-1DA0130A5DE9}
		{88EE3A5B-B1A4-47C0-B974-F002754F3FD1} = {F78655F5-D3A6-496B-BF97-0A038203D6C2}
		{F12FB378-31C1-4A2D-A1C5-326F72DB817E} = {8D218656-ACD2-44E4-8FA9-7396D9553318}
		{503F0A9D-782B-4477-A49C-02EF5812F1B7} = {21C8DB59-FF09-4C36-B565-C7791659833F}
		{80E0C62B-D26B-4573-91D6-0E6E48E2CF7E} = {503F0A9D-782B-4477-A49C-02EF5812F1B7}
		{DA1E396F-A4D1-4C2D-BEE5-7820100A53AB} = {503F0A9D-782B-4477-A49C-02EF5812F1B7}
		{5E25A4F6-41B9-4D01-90CE-5665965DF392} = {503F0A9D-782B-4477-A49C-02EF5812F1B7}
		{B84BE98B-22BF-4706-A03B-239AC499EF58} = {21C8DB59-FF09-4C36-B565-C7791659833F}
		{8EF3DCBF-F966-4298-819E-A6855F2C2A9B} = {B84BE98B-22BF-4706-A03B-239AC499EF58}
		{25398457-49F5-405E-AA4F-E2357177A69B} = {3B08DA90-0690-4856-ABF3-E668121B717D}
	EndGlobalSection
	GlobalSection(ExtensibilityGlobals) = postSolution
		SolutionGuid = {BAF1A2BE-D10D-4674-918B-22AFECA74714}
	EndGlobalSection
EndGlobal
